PODS:
  - Alamofire (5.9.1)
  - Moya (15.0.0):
    - Moya/Core (= 15.0.0)
  - Moya/Core (15.0.0):
    - Alamofire (~> 5.0)
  - StepSlider (1.8.0)
  - Swinject (2.9.1)
  - TinyConstraints (4.0.2)

DEPENDENCIES:
  - Moya
  - StepSlider
  - Swinject
  - TinyConstraints

SPEC REPOS:
  trunk:
    - Alamofire
    - Moya
    - StepSlider
    - Swinject
    - TinyConstraints

SPEC CHECKSUMS:
  Alamofire: f36a35757af4587d8e4f4bfa223ad10be2422b8c
  Moya: 138f0573e53411fb3dc17016add0b748dfbd78ee
  StepSlider: 890db727e779fa99cb32afffc5887c1109e151f4
  Swinject: a827d508c6270da03ec74e558e728917a888fa9b
  TinyConstraints: 7b7ccc0c485bb3bb47082138ff28bc33cd49897f

PODFILE CHECKSUM: 5e49f09a6ebd199eff8f0d3aeb5cad8137dac0fc

COCOAPODS: 1.15.2
